{
  "name": "fawry-softpos-sdk-docs-example",
  "version": "1.0.0",
  "lockfileVersion": 3,
  "requires": true,
  "packages": {
    "": {
      "name": "fawry-softpos-sdk-docs-example",
      "version": "1.0.0",
      "dependencies": {
        "fawry-softpos-web-sdk": "file:./fawry-softpos-web-sdk-1.0.0.tgz"
      }
    },
    "node_modules/fawry-softpos-web-sdk": {
      "version": "1.0.0",
      "resolved": "file:fawry-softpos-web-sdk-1.0.0.tgz",
      "integrity": "sha512-TyxmIFc74K//18r+Hagu45nqUfBcY3Wc/WXAjZ2U2uWsFEvf4Ronkb9qQ1Z4vYnJmkDYMPoMbXc8ofBOB32J8g==",
      "license": "ISC"
    }
  }
}
